
Microsoft Visual Studio Solution File, Format Version 12.00
# Visual Studio 15
VisualStudioVersion = 15.0.26228.4
MinimumVisualStudioVersion = 10.0.40219.1
Project("{9A19103F-16F7-4668-BE54-9A1E7A4F7556}") = "Backend.Web", "Backend.Web.csproj", "{632BE191-7956-496C-B66E-95392C7ED65F}"
EndProject
Global
	GlobalSection(SolutionConfigurationPlatforms) = preSolution
		Debug|Any CPU = Debug|Any CPU
		Release|Any CPU = Release|Any CPU
	EndGlobalSection
	GlobalSection(ProjectConfigurationPlatforms) = postSolution
		{632BE191-7956-496C-B66E-95392C7ED65F}.Debug|Any CPU.ActiveCfg = Debug|Any CPU
		{632BE191-7956-496C-B66E-95392C7ED65F}.Debug|Any CPU.Build.0 = Debug|Any CPU
		{632BE191-7956-496C-B66E-95392C7ED65F}.Release|Any CPU.ActiveCfg = Release|Any CPU
		{632BE191-7956-496C-B66E-95392C7ED65F}.Release|Any CPU.Build.0 = Release|Any CPU
	EndGlobalSection
	GlobalSection(SolutionProperties) = preSolution
		HideSolutionNode = FALSE
	EndGlobalSection
EndGlobal
